<?xml version="1.0" encoding="UTF-8"?>
<Scheme
   LastUpgradeVersion = "0720"
   version = "1.3">
   <BuildAction
      parallelizeBuildables = "YES"
      buildImplicitDependencies = "YES">
      <BuildActionEntries>
         <BuildActionEntry
            buildForTesting = "YES"
            buildForRunning = "YES"
            buildForProfiling = "YES"
            buildForArchiving = "YES"
            buildForAnalyzing = "YES">
            <BuildableReference
               BuildableIdentifier = "primary"
               BlueprintIdentifier = "D653B68B1C8D7E6700571760"
               BuildableName = "&#x653e;&#x5927;Button&#x54cd;&#x5e94;&#x533a;&#x57df;.app"
               BlueprintName = "&#x653e;&#x5927;Button&#x54cd;&#x5e94;&#x533a;&#x57df;"
               ReferencedContainer = "container:&#x653e;&#x5927;Button&#x54cd;&#x5e94;&#x533a;&#x57df;.xcodeproj">
            </BuildableReference>
         </BuildActionEntry>
      </BuildActionEntries>
   </BuildAction>
   <TestAction
      buildConfiguration = "Debug"
      selectedDebuggerIdentifier = "Xcode.DebuggerFoundation.Debugger.LLDB"
      selectedLauncherIdentifier = "Xcode.DebuggerFoundation.Launcher.LLDB"
      shouldUseLaunchSchemeArgsEnv = "YES">
      <Testables>
         <TestableReference
            skipped = "NO">
            <BuildableReference
               BuildableIdentifier = "primary"
               BlueprintIdentifier = "D653B6A41C8D7E6700571760"
               BuildableName = "&#x653e;&#x5927;Button&#x54cd;&#x5e94;&#x533a;&#x57df;Tests.xctest"
               BlueprintName = "&#x653e;&#x5927;Button&#x54cd;&#x5e94;&#x533a;&#x57df;Tests"
               ReferencedContainer = "container:&#x653e;&#x5927;Button&#x54cd;&#x5e94;&#x533a;&#x57df;.xcodeproj">
            </BuildableReference>
         </TestableReference>
         <TestableReference
            skipped = "NO">
            <BuildableReference
               BuildableIdentifier = "primary"
               BlueprintIdentifier = "D653B6AF1C8D7E6700571760"
               BuildableName = "&#x653e;&#x5927;Button&#x54cd;&#x5e94;&#x533a;&#x57df;UITests.xctest"
               BlueprintName = "&#x653e;&#x5927;Button&#x54cd;&#x5e94;&#x533a;&#x57df;UITests"
               ReferencedContainer = "container:&#x653e;&#x5927;Button&#x54cd;&#x5e94;&#x533a;&#x57df;.xcodeproj">
            </BuildableReference>
         </TestableReference>
      </Testables>
      <MacroExpansion>
         <BuildableReference
            BuildableIdentifier = "primary"
            BlueprintIdentifier = "D653B68B1C8D7E6700571760"
            BuildableName = "&#x653e;&#x5927;Button&#x54cd;&#x5e94;&#x533a;&#x57df;.app"
            BlueprintName = "&#x653e;&#x5927;Button&#x54cd;&#x5e94;&#x533a;&#x57df;"
            ReferencedContainer = "container:&#x653e;&#x5927;Button&#x54cd;&#x5e94;&#x533a;&#x57df;.xcodeproj">
         </BuildableReference>
      </MacroExpansion>
      <AdditionalOptions>
      </AdditionalOptions>
   </TestAction>
   <LaunchAction
      buildConfiguration = "Debug"
      selectedDebuggerIdentifier = "Xcode.DebuggerFoundation.Debugger.LLDB"
      selectedLauncherIdentifier = "Xcode.DebuggerFoundation.Launcher.LLDB"
      launchStyle = "0"
      useCustomWorkingDirectory = "NO"
      ignoresPersistentStateOnLaunch = "NO"
      debugDocumentVersioning = "YES"
      debugServiceExtension = "internal"
      allowLocationSimulation = "YES">
      <BuildableProductRunnable
         runnableDebuggingMode = "0">
         <BuildableReference
            BuildableIdentifier = "primary"
            BlueprintIdentifier = "D653B68B1C8D7E6700571760"
            BuildableName = "&#x653e;&#x5927;Button&#x54cd;&#x5e94;&#x533a;&#x57df;.app"
            BlueprintName = "&#x653e;&#x5927;Button&#x54cd;&#x5e94;&#x533a;&#x57df;"
            ReferencedContainer = "container:&#x653e;&#x5927;Button&#x54cd;&#x5e94;&#x533a;&#x57df;.xcodeproj">
         </BuildableReference>
      </BuildableProductRunnable>
      <AdditionalOptions>
      </AdditionalOptions>
   </LaunchAction>
   <ProfileAction
      buildConfiguration = "Release"
      shouldUseLaunchSchemeArgsEnv = "YES"
      savedToolIdentifier = ""
      useCustomWorkingDirectory = "NO"
      debugDocumentVersioning = "YES">
      <BuildableProductRunnable
         runnableDebuggingMode = "0">
         <BuildableReference
            BuildableIdentifier = "primary"
            BlueprintIdentifier = "D653B68B1C8D7E6700571760"
            BuildableName = "&#x653e;&#x5927;Button&#x54cd;&#x5e94;&#x533a;&#x57df;.app"
            BlueprintName = "&#x653e;&#x5927;Button&#x54cd;&#x5e94;&#x533a;&#x57df;"
            ReferencedContainer = "container:&#x653e;&#x5927;Button&#x54cd;&#x5e94;&#x533a;&#x57df;.xcodeproj">
         </BuildableReference>
      </BuildableProductRunnable>
   </ProfileAction>
   <AnalyzeAction
      buildConfiguration = "Debug">
   </AnalyzeAction>
   <ArchiveAction
      buildConfiguration = "Release"
      revealArchiveInOrganizer = "YES">
   </ArchiveAction>
</Scheme>
